// !$*UTF8*$!
{
	archiveVersion = 1;
	classes = {
	};
	objectVersion = 56;
	objects = {

/* Begin PBXBuildFile section */
		13187CC92AC1914A0022C2E2 /* WorkItem.swift in Sources */ = {isa = PBXBuildFile; fileRef = 13187CC82AC1914A0022C2E2 /* WorkItem.swift */; };
		13187CCB2AC191BC0022C2E2 /* WorkItemProtocol.swift in Sources */ = {isa = PBXBuildFile; fileRef = 13187CCA2AC191BC0022C2E2 /* WorkItemProtocol.swift */; };
		13187CCE2AC1DDDB0022C2E2 /* UserInputManager.swift in Sources */ = {isa = PBXBuildFile; fileRef = 13187CCD2AC1DDDB0022C2E2 /* UserInputManager.swift */; };
		13187CD22AC1FF180022C2E2 /* Menu.swift in Sources */ = {isa = PBXBuildFile; fileRef = 13187CD12AC1FF180022C2E2 /* Menu.swift */; };
		13192EA72ACB59E100897CC3 /* Cloning .swift in Sources */ = {isa = PBXBuildFile; fileRef = 13192EA62ACB59E100897CC3 /* Cloning .swift */; };
		13192EA92ACB605B00897CC3 /* MenuProtocol.swift in Sources */ = {isa = PBXBuildFile; fileRef = 13192EA82ACB605B00897CC3 /* MenuProtocol.swift */; };
		134F3AE42AC0CC5200B459C6 /* ManagerProtocol.swift in Sources */ = {isa = PBXBuildFile; fileRef = 134F3AE02AC0CC5200B459C6 /* ManagerProtocol.swift */; };
		134F3AE52AC0CC5200B459C6 /* LabWork.swift in Sources */ = {isa = PBXBuildFile; fileRef = 134F3AE12AC0CC5200B459C6 /* LabWork.swift */; };
		134F3AE62AC0CC5200B459C6 /* LabWorkProtocol.swift in Sources */ = {isa = PBXBuildFile; fileRef = 134F3AE22AC0CC5200B459C6 /* LabWorkProtocol.swift */; };
		134F3AE72AC0CC5200B459C6 /* Manager.swift in Sources */ = {isa = PBXBuildFile; fileRef = 134F3AE32AC0CC5200B459C6 /* Manager.swift */; };
		134F3AEE2AC0CC5C00B459C6 /* Task.swift in Sources */ = {isa = PBXBuildFile; fileRef = 134F3AE92AC0CC5C00B459C6 /* Task.swift */; };
		134F3AEF2AC0CC5C00B459C6 /* TaskProtocol.swift in Sources */ = {isa = PBXBuildFile; fileRef = 134F3AEA2AC0CC5C00B459C6 /* TaskProtocol.swift */; };
		134F3AF12AC0CC5C00B459C6 /* TaskPriority.swift in Sources */ = {isa = PBXBuildFile; fileRef = 134F3AEC2AC0CC5C00B459C6 /* TaskPriority.swift */; };
		134F3AF42AC0CC6700B459C6 /* ReportGeneratorProtocol.swift in Sources */ = {isa = PBXBuildFile; fileRef = 134F3AF22AC0CC6700B459C6 /* ReportGeneratorProtocol.swift */; };
		134F3AF52AC0CC6700B459C6 /* PDFReportGenerator.swift in Sources */ = {isa = PBXBuildFile; fileRef = 134F3AF32AC0CC6700B459C6 /* PDFReportGenerator.swift */; };
		134F3AF72AC0CC7200B459C6 /* main.swift in Sources */ = {isa = PBXBuildFile; fileRef = 134F3AF62AC0CC7200B459C6 /* main.swift */; };
		13B948C82ACAB31400885A01 /* ReportGenerationStrategy.swift in Sources */ = {isa = PBXBuildFile; fileRef = 13B948C72ACAB31400885A01 /* ReportGenerationStrategy.swift */; };
		13B948CA2ACAB32D00885A01 /* TaskReportStrategy.swift in Sources */ = {isa = PBXBuildFile; fileRef = 13B948C92ACAB32D00885A01 /* TaskReportStrategy.swift */; };
		13B948CC2ACAB35D00885A01 /* LabWorkReportStrategy.swift in Sources */ = {isa = PBXBuildFile; fileRef = 13B948CB2ACAB35D00885A01 /* LabWorkReportStrategy.swift */; };
		13CA022A2AC9B6DD00C2D225 /* LabWorkFactory.swift in Sources */ = {isa = PBXBuildFile; fileRef = 13CA02292AC9B6DD00C2D225 /* LabWorkFactory.swift */; };
		13CA022C2AC9B70A00C2D225 /* TaskFactory.swift in Sources */ = {isa = PBXBuildFile; fileRef = 13CA022B2AC9B70A00C2D225 /* TaskFactory.swift */; };
		13CA02312AC9B79800C2D225 /* WorkItemBuilder.swift in Sources */ = {isa = PBXBuildFile; fileRef = 13CA02302AC9B79800C2D225 /* WorkItemBuilder.swift */; };
/* End PBXBuildFile section */

/* Begin PBXCopyFilesBuildPhase section */
		134F3ACF2AC0CBB000B459C6 /* CopyFiles */ = {
			isa = PBXCopyFilesBuildPhase;
			buildActionMask = 2147483647;
			dstPath = /usr/share/man/man1/;
			dstSubfolderSpec = 0;
			files = (
			);
			runOnlyForDeploymentPostprocessing = 1;
		};
/* End PBXCopyFilesBuildPhase section */

/* Begin PBXFileReference section */
		13187CC82AC1914A0022C2E2 /* WorkItem.swift */ = {isa = PBXFileReference; lastKnownFileType = sourcecode.swift; path = WorkItem.swift; sourceTree = "<group>"; };
		13187CCA2AC191BC0022C2E2 /* WorkItemProtocol.swift */ = {isa = PBXFileReference; lastKnownFileType = sourcecode.swift; path = WorkItemProtocol.swift; sourceTree = "<group>"; };
		13187CCD2AC1DDDB0022C2E2 /* UserInputManager.swift */ = {isa = PBXFileReference; lastKnownFileType = sourcecode.swift; path = UserInputManager.swift; sourceTree = "<group>"; };
		13187CD12AC1FF180022C2E2 /* Menu.swift */ = {isa = PBXFileReference; lastKnownFileType = sourcecode.swift; path = Menu.swift; sourceTree = "<group>"; };
		13192EA62ACB59E100897CC3 /* Cloning .swift */ = {isa = PBXFileReference; lastKnownFileType = sourcecode.swift; path = "Cloning .swift"; sourceTree = "<group>"; };
		13192EA82ACB605B00897CC3 /* MenuProtocol.swift */ = {isa = PBXFileReference; lastKnownFileType = sourcecode.swift; path = MenuProtocol.swift; sourceTree = "<group>"; };
		134F3AD12AC0CBB000B459C6 /* TMPS_LABS */ = {isa = PBXFileReference; explicitFileType = "compiled.mach-o.executable"; includeInIndex = 0; path = TMPS_LABS; sourceTree = BUILT_PRODUCTS_DIR; };
		134F3AE02AC0CC5200B459C6 /* ManagerProtocol.swift */ = {isa = PBXFileReference; fileEncoding = 4; lastKnownFileType = sourcecode.swift; path = ManagerProtocol.swift; sourceTree = "<group>"; };
		134F3AE12AC0CC5200B459C6 /* LabWork.swift */ = {isa = PBXFileReference; fileEncoding = 4; lastKnownFileType = sourcecode.swift; path = LabWork.swift; sourceTree = "<group>"; };
		134F3AE22AC0CC5200B459C6 /* LabWorkProtocol.swift */ = {isa = PBXFileReference; fileEncoding = 4; lastKnownFileType = sourcecode.swift; path = LabWorkProtocol.swift; sourceTree = "<group>"; };
		134F3AE32AC0CC5200B459C6 /* Manager.swift */ = {isa = PBXFileReference; fileEncoding = 4; lastKnownFileType = sourcecode.swift; path = Manager.swift; sourceTree = "<group>"; };
		134F3AE92AC0CC5C00B459C6 /* Task.swift */ = {isa = PBXFileReference; fileEncoding = 4; lastKnownFileType = sourcecode.swift; path = Task.swift; sourceTree = "<group>"; };
		134F3AEA2AC0CC5C00B459C6 /* TaskProtocol.swift */ = {isa = PBXFileReference; fileEncoding = 4; lastKnownFileType = sourcecode.swift; path = TaskProtocol.swift; sourceTree = "<group>"; };
		134F3AEC2AC0CC5C00B459C6 /* TaskPriority.swift */ = {isa = PBXFileReference; fileEncoding = 4; lastKnownFileType = sourcecode.swift; path = TaskPriority.swift; sourceTree = "<group>"; };
		134F3AF22AC0CC6700B459C6 /* ReportGeneratorProtocol.swift */ = {isa = PBXFileReference; fileEncoding = 4; lastKnownFileType = sourcecode.swift; path = ReportGeneratorProtocol.swift; sourceTree = "<group>"; };
		134F3AF32AC0CC6700B459C6 /* PDFReportGenerator.swift */ = {isa = PBXFileReference; fileEncoding = 4; lastKnownFileType = sourcecode.swift; path = PDFReportGenerator.swift; sourceTree = "<group>"; };
		134F3AF62AC0CC7200B459C6 /* main.swift */ = {isa = PBXFileReference; fileEncoding = 4; lastKnownFileType = sourcecode.swift; name = main.swift; path = ../main.swift; sourceTree = "<group>"; };
		13B948C72ACAB31400885A01 /* ReportGenerationStrategy.swift */ = {isa = PBXFileReference; lastKnownFileType = sourcecode.swift; path = ReportGenerationStrategy.swift; sourceTree = "<group>"; };
		13B948C92ACAB32D00885A01 /* TaskReportStrategy.swift */ = {isa = PBXFileReference; lastKnownFileType = sourcecode.swift; path = TaskReportStrategy.swift; sourceTree = "<group>"; };
		13B948CB2ACAB35D00885A01 /* LabWorkReportStrategy.swift */ = {isa = PBXFileReference; lastKnownFileType = sourcecode.swift; path = LabWorkReportStrategy.swift; sourceTree = "<group>"; };
		13CA02292AC9B6DD00C2D225 /* LabWorkFactory.swift */ = {isa = PBXFileReference; lastKnownFileType = sourcecode.swift; path = LabWorkFactory.swift; sourceTree = "<group>"; };
		13CA022B2AC9B70A00C2D225 /* TaskFactory.swift */ = {isa = PBXFileReference; lastKnownFileType = sourcecode.swift; path = TaskFactory.swift; sourceTree = "<group>"; };
		13CA02302AC9B79800C2D225 /* WorkItemBuilder.swift */ = {isa = PBXFileReference; lastKnownFileType = sourcecode.swift; path = WorkItemBuilder.swift; sourceTree = "<group>"; };
/* End PBXFileReference section */

/* Begin PBXFrameworksBuildPhase section */
		134F3ACE2AC0CBB000B459C6 /* Frameworks */ = {
			isa = PBXFrameworksBuildPhase;
			buildActionMask = 2147483647;
			files = (
			);
			runOnlyForDeploymentPostprocessing = 0;
		};
/* End PBXFrameworksBuildPhase section */

/* Begin PBXGroup section */
		13187CC72AC191270022C2E2 /* WorkItem */ = {
			isa = PBXGroup;
			children = (
				13187CC82AC1914A0022C2E2 /* WorkItem.swift */,
				13187CCA2AC191BC0022C2E2 /* WorkItemProtocol.swift */,
			);
			name = WorkItem;
			path = ../WorkItem;
			sourceTree = "<group>";
		};
		13187CCC2AC195D40022C2E2 /* Manager */ = {
			isa = PBXGroup;
			children = (
				134F3AE32AC0CC5200B459C6 /* Manager.swift */,
				134F3AE02AC0CC5200B459C6 /* ManagerProtocol.swift */,
				13187CCD2AC1DDDB0022C2E2 /* UserInputManager.swift */,
				13187CD12AC1FF180022C2E2 /* Menu.swift */,
				13192EA82ACB605B00897CC3 /* MenuProtocol.swift */,
			);
			name = Manager;
			path = ../Manager;
			sourceTree = "<group>";
		};
		13192EA52ACB59CC00897CC3 /* Prototype */ = {
			isa = PBXGroup;
			children = (
				13192EA62ACB59E100897CC3 /* Cloning .swift */,
			);
			name = Prototype;
			path = ../Prototype;
			sourceTree = "<group>";
		};
		134C4EB52ADC03C500D002A4 /* lab3 */ = {
			isa = PBXGroup;
			children = (
			);
			path = lab3;
			sourceTree = "<group>";
		};
		134C4EB62ADC03D000D002A4 /* lab2 */ = {
			isa = PBXGroup;
			children = (
				134F3AF62AC0CC7200B459C6 /* main.swift */,
				134F3ADC2AC0CBF100B459C6 /* ReportsGenerator */,
				134F3ADD2AC0CC0400B459C6 /* Tasks */,
				134F3ADF2AC0CC3B00B459C6 /* LabWorks */,
				13187CC72AC191270022C2E2 /* WorkItem */,
				13187CCC2AC195D40022C2E2 /* Manager */,
				13CA02282AC9B6C000C2D225 /* Factory */,
				13CA022F2AC9B77E00C2D225 /* Builder */,
				13B948C62ACAB2F000885A01 /* Strategy */,
				13192EA52ACB59CC00897CC3 /* Prototype */,
			);
			path = lab2;
			sourceTree = "<group>";
		};
		134F3AC82AC0CBB000B459C6 = {
			isa = PBXGroup;
			children = (
				134F3AD32AC0CBB000B459C6 /* labs */,
				134F3AD22AC0CBB000B459C6 /* Products */,
			);
			sourceTree = "<group>";
		};
		134F3AD22AC0CBB000B459C6 /* Products */ = {
			isa = PBXGroup;
			children = (
				134F3AD12AC0CBB000B459C6 /* TMPS_LABS */,
			);
			name = Products;
			sourceTree = "<group>";
		};
		134F3AD32AC0CBB000B459C6 /* labs */ = {
			isa = PBXGroup;
			children = (
				134C4EB52ADC03C500D002A4 /* lab3 */,
				134F3ADB2AC0CBBF00B459C6 /* src */,
			);
			path = labs;
			sourceTree = "<group>";
		};
		134F3ADB2AC0CBBF00B459C6 /* src */ = {
			isa = PBXGroup;
			children = (
				134C4EB62ADC03D000D002A4 /* lab2 */,
			);
			path = src;
			sourceTree = "<group>";
		};
		134F3ADC2AC0CBF100B459C6 /* ReportsGenerator */ = {
			isa = PBXGroup;
			children = (
				134F3AF32AC0CC6700B459C6 /* PDFReportGenerator.swift */,
				134F3AF22AC0CC6700B459C6 /* ReportGeneratorProtocol.swift */,
			);
			name = ReportsGenerator;
			path = ../ReportsGenerator;
			sourceTree = "<group>";
		};
		134F3ADD2AC0CC0400B459C6 /* Tasks */ = {
			isa = PBXGroup;
			children = (
				134F3AE92AC0CC5C00B459C6 /* Task.swift */,
				134F3AEC2AC0CC5C00B459C6 /* TaskPriority.swift */,
				134F3AEA2AC0CC5C00B459C6 /* TaskProtocol.swift */,
			);
			name = Tasks;
			path = ../Tasks;
			sourceTree = "<group>";
		};
		134F3ADF2AC0CC3B00B459C6 /* LabWorks */ = {
			isa = PBXGroup;
			children = (
				134F3AE12AC0CC5200B459C6 /* LabWork.swift */,
				134F3AE22AC0CC5200B459C6 /* LabWorkProtocol.swift */,
			);
			name = LabWorks;
			path = ../LabWorks;
			sourceTree = "<group>";
		};
		13B948C62ACAB2F000885A01 /* Strategy */ = {
			isa = PBXGroup;
			children = (
				13B948C72ACAB31400885A01 /* ReportGenerationStrategy.swift */,
				13B948C92ACAB32D00885A01 /* TaskReportStrategy.swift */,
				13B948CB2ACAB35D00885A01 /* LabWorkReportStrategy.swift */,
			);
			name = Strategy;
			path = ../Strategy;
			sourceTree = "<group>";
		};
		13CA02282AC9B6C000C2D225 /* Factory */ = {
			isa = PBXGroup;
			children = (
				13CA02292AC9B6DD00C2D225 /* LabWorkFactory.swift */,
				13CA022B2AC9B70A00C2D225 /* TaskFactory.swift */,
			);
			name = Factory;
			path = ../Factory;
			sourceTree = "<group>";
		};
		13CA022F2AC9B77E00C2D225 /* Builder */ = {
			isa = PBXGroup;
			children = (
				13CA02302AC9B79800C2D225 /* WorkItemBuilder.swift */,
			);
			name = Builder;
			path = ../Builder;
			sourceTree = "<group>";
		};
/* End PBXGroup section */

/* Begin PBXNativeTarget section */
		134F3AD02AC0CBB000B459C6 /* TMPS_LABS */ = {
			isa = PBXNativeTarget;
			buildConfigurationList = 134F3AD82AC0CBB000B459C6 /* Build configuration list for PBXNativeTarget "TMPS_LABS" */;
			buildPhases = (
				134F3ACD2AC0CBB000B459C6 /* Sources */,
				134F3ACE2AC0CBB000B459C6 /* Frameworks */,
				134F3ACF2AC0CBB000B459C6 /* CopyFiles */,
			);
			buildRules = (
			);
			dependencies = (
			);
			name = TMPS_LABS;
			productName = TMPS_LABS;
			productReference = 134F3AD12AC0CBB000B459C6 /* TMPS_LABS */;
			productType = "com.apple.product-type.tool";
		};
/* End PBXNativeTarget section */

/* Begin PBXProject section */
		134F3AC92AC0CBB000B459C6 /* Project object */ = {
			isa = PBXProject;
			attributes = {
				BuildIndependentTargetsInParallel = 1;
				LastSwiftUpdateCheck = 1430;
				LastUpgradeCheck = 1430;
				TargetAttributes = {
					134F3AD02AC0CBB000B459C6 = {
						CreatedOnToolsVersion = 14.3.1;
						LastSwiftMigration = 1430;
					};
				};
			};
			buildConfigurationList = 134F3ACC2AC0CBB000B459C6 /* Build configuration list for PBXProject "TMPS_LABS" */;
			compatibilityVersion = "Xcode 14.0";
			developmentRegion = en;
			hasScannedForEncodings = 0;
			knownRegions = (
				en,
				Base,
			);
			mainGroup = 134F3AC82AC0CBB000B459C6;
			productRefGroup = 134F3AD22AC0CBB000B459C6 /* Products */;
			projectDirPath = "";
			projectRoot = "";
			targets = (
				134F3AD02AC0CBB000B459C6 /* TMPS_LABS */,
			);
		};
/* End PBXProject section */

/* Begin PBXSourcesBuildPhase section */
		134F3ACD2AC0CBB000B459C6 /* Sources */ = {
			isa = PBXSourcesBuildPhase;
			buildActionMask = 2147483647;
			files = (
				13CA022A2AC9B6DD00C2D225 /* LabWorkFactory.swift in Sources */,
				134F3AE72AC0CC5200B459C6 /* Manager.swift in Sources */,
				13B948C82ACAB31400885A01 /* ReportGenerationStrategy.swift in Sources */,
				13B948CA2ACAB32D00885A01 /* TaskReportStrategy.swift in Sources */,
				134F3AF12AC0CC5C00B459C6 /* TaskPriority.swift in Sources */,
				13187CD22AC1FF180022C2E2 /* Menu.swift in Sources */,
				134F3AF72AC0CC7200B459C6 /* main.swift in Sources */,
				13187CC92AC1914A0022C2E2 /* WorkItem.swift in Sources */,
				134F3AE52AC0CC5200B459C6 /* LabWork.swift in Sources */,
				13192EA72ACB59E100897CC3 /* Cloning .swift in Sources */,
				13CA02312AC9B79800C2D225 /* WorkItemBuilder.swift in Sources */,
				13CA022C2AC9B70A00C2D225 /* TaskFactory.swift in Sources */,
				134F3AF42AC0CC6700B459C6 /* ReportGeneratorProtocol.swift in Sources */,
				13187CCE2AC1DDDB0022C2E2 /* UserInputManager.swift in Sources */,
				134F3AF52AC0CC6700B459C6 /* PDFReportGenerator.swift in Sources */,
				134F3AE42AC0CC5200B459C6 /* ManagerProtocol.swift in Sources */,
				13192EA92ACB605B00897CC3 /* MenuProtocol.swift in Sources */,
				13B948CC2ACAB35D00885A01 /* LabWorkReportStrategy.swift in Sources */,
				134F3AEE2AC0CC5C00B459C6 /* Task.swift in Sources */,
				134F3AE62AC0CC5200B459C6 /* LabWorkProtocol.swift in Sources */,
				134F3AEF2AC0CC5C00B459C6 /* TaskProtocol.swift in Sources */,
				13187CCB2AC191BC0022C2E2 /* WorkItemProtocol.swift in Sources */,
			);
			runOnlyForDeploymentPostprocessing = 0;
		};
/* End PBXSourcesBuildPhase section */

/* Begin XCBuildConfiguration section */
		134F3AD62AC0CBB000B459C6 /* Debug */ = {
			isa = XCBuildConfiguration;
			buildSettings = {
				ALWAYS_SEARCH_USER_PATHS = NO;
				CLANG_ANALYZER_NONNULL = YES;
				CLANG_ANALYZER_NUMBER_OBJECT_CONVERSION = YES_AGGRESSIVE;
				CLANG_CXX_LANGUAGE_STANDARD = "gnu++20";
				CLANG_ENABLE_MODULES = YES;
				CLANG_ENABLE_OBJC_ARC = YES;
				CLANG_ENABLE_OBJC_WEAK = YES;
				CLANG_WARN_BLOCK_CAPTURE_AUTORELEASING = YES;
				CLANG_WARN_BOOL_CONVERSION = YES;
				CLANG_WARN_COMMA = YES;
				CLANG_WARN_CONSTANT_CONVERSION = YES;
				CLANG_WARN_DEPRECATED_OBJC_IMPLEMENTATIONS = YES;
				CLANG_WARN_DIRECT_OBJC_ISA_USAGE = YES_ERROR;
				CLANG_WARN_DOCUMENTATION_COMMENTS = YES;
				CLANG_WARN_EMPTY_BODY = YES;
				CLANG_WARN_ENUM_CONVERSION = YES;
				CLANG_WARN_INFINITE_RECURSION = YES;
				CLANG_WARN_INT_CONVERSION = YES;
				CLANG_WARN_NON_LITERAL_NULL_CONVERSION = YES;
				CLANG_WARN_OBJC_IMPLICIT_RETAIN_SELF = YES;
				CLANG_WARN_OBJC_LITERAL_CONVERSION = YES;
				CLANG_WARN_OBJC_ROOT_CLASS = YES_ERROR;
				CLANG_WARN_QUOTED_INCLUDE_IN_FRAMEWORK_HEADER = YES;
				CLANG_WARN_RANGE_LOOP_ANALYSIS = YES;
				CLANG_WARN_STRICT_PROTOTYPES = YES;
				CLANG_WARN_SUSPICIOUS_MOVE = YES;
				CLANG_WARN_UNGUARDED_AVAILABILITY = YES_AGGRESSIVE;
				CLANG_WARN_UNREACHABLE_CODE = YES;
				CLANG_WARN__DUPLICATE_METHOD_MATCH = YES;
				COPY_PHASE_STRIP = NO;
				DEBUG_INFORMATION_FORMAT = dwarf;
				ENABLE_STRICT_OBJC_MSGSEND = YES;
				ENABLE_TESTABILITY = YES;
				GCC_C_LANGUAGE_STANDARD = gnu11;
				GCC_DYNAMIC_NO_PIC = NO;
				GCC_NO_COMMON_BLOCKS = YES;
				GCC_OPTIMIZATION_LEVEL = 0;
				GCC_PREPROCESSOR_DEFINITIONS = (
					"DEBUG=1",
					"$(inherited)",
				);
				GCC_WARN_64_TO_32_BIT_CONVERSION = YES;
				GCC_WARN_ABOUT_RETURN_TYPE = YES_ERROR;
				GCC_WARN_UNDECLARED_SELECTOR = YES;
				GCC_WARN_UNINITIALIZED_AUTOS = YES_AGGRESSIVE;
				GCC_WARN_UNUSED_FUNCTION = YES;
				GCC_WARN_UNUSED_VARIABLE = YES;
				MACOSX_DEPLOYMENT_TARGET = 13.1;
				MTL_ENABLE_DEBUG_INFO = INCLUDE_SOURCE;
				MTL_FAST_MATH = YES;
				ONLY_ACTIVE_ARCH = YES;
				SDKROOT = macosx;
				SWIFT_ACTIVE_COMPILATION_CONDITIONS = DEBUG;
				SWIFT_OPTIMIZATION_LEVEL = "-Onone";
			};
			name = Debug;
		};
		134F3AD72AC0CBB000B459C6 /* Release */ = {
			isa = XCBuildConfiguration;
			buildSettings = {
				ALWAYS_SEARCH_USER_PATHS = NO;
				CLANG_ANALYZER_NONNULL = YES;
				CLANG_ANALYZER_NUMBER_OBJECT_CONVERSION = YES_AGGRESSIVE;
				CLANG_CXX_LANGUAGE_STANDARD = "gnu++20";
				CLANG_ENABLE_MODULES = YES;
				CLANG_ENABLE_OBJC_ARC = YES;
				CLANG_ENABLE_OBJC_WEAK = YES;
				CLANG_WARN_BLOCK_CAPTURE_AUTORELEASING = YES;
				CLANG_WARN_BOOL_CONVERSION = YES;
				CLANG_WARN_COMMA = YES;
				CLANG_WARN_CONSTANT_CONVERSION = YES;
				CLANG_WARN_DEPRECATED_OBJC_IMPLEMENTATIONS = YES;
				CLANG_WARN_DIRECT_OBJC_ISA_USAGE = YES_ERROR;
				CLANG_WARN_DOCUMENTATION_COMMENTS = YES;
				CLANG_WARN_EMPTY_BODY = YES;
				CLANG_WARN_ENUM_CONVERSION = YES;
				CLANG_WARN_INFINITE_RECURSION = YES;
				CLANG_WARN_INT_CONVERSION = YES;
				CLANG_WARN_NON_LITERAL_NULL_CONVERSION = YES;
				CLANG_WARN_OBJC_IMPLICIT_RETAIN_SELF = YES;
				CLANG_WARN_OBJC_LITERAL_CONVERSION = YES;
				CLANG_WARN_OBJC_ROOT_CLASS = YES_ERROR;
				CLANG_WARN_QUOTED_INCLUDE_IN_FRAMEWORK_HEADER = YES;
				CLANG_WARN_RANGE_LOOP_ANALYSIS = YES;
				CLANG_WARN_STRICT_PROTOTYPES = YES;
				CLANG_WARN_SUSPICIOUS_MOVE = YES;
				CLANG_WARN_UNGUARDED_AVAILABILITY = YES_AGGRESSIVE;
				CLANG_WARN_UNREACHABLE_CODE = YES;
				CLANG_WARN__DUPLICATE_METHOD_MATCH = YES;
				COPY_PHASE_STRIP = NO;
				DEBUG_INFORMATION_FORMAT = "dwarf-with-dsym";
				ENABLE_NS_ASSERTIONS = NO;
				ENABLE_STRICT_OBJC_MSGSEND = YES;
				GCC_C_LANGUAGE_STANDARD = gnu11;
				GCC_NO_COMMON_BLOCKS = YES;
				GCC_WARN_64_TO_32_BIT_CONVERSION = YES;
				GCC_WARN_ABOUT_RETURN_TYPE = YES_ERROR;
				GCC_WARN_UNDECLARED_SELECTOR = YES;
				GCC_WARN_UNINITIALIZED_AUTOS = YES_AGGRESSIVE;
				GCC_WARN_UNUSED_FUNCTION = YES;
				GCC_WARN_UNUSED_VARIABLE = YES;
				MACOSX_DEPLOYMENT_TARGET = 13.1;
				MTL_ENABLE_DEBUG_INFO = NO;
				MTL_FAST_MATH = YES;
				SDKROOT = macosx;
				SWIFT_COMPILATION_MODE = wholemodule;
				SWIFT_OPTIMIZATION_LEVEL = "-O";
			};
			name = Release;
		};
		134F3AD92AC0CBB000B459C6 /* Debug */ = {
			isa = XCBuildConfiguration;
			buildSettings = {
				CLANG_ENABLE_MODULES = YES;
				CODE_SIGN_STYLE = Automatic;
				PRODUCT_NAME = "$(TARGET_NAME)";
				SWIFT_OPTIMIZATION_LEVEL = "-Onone";
				SWIFT_VERSION = 5.0;
			};
			name = Debug;
		};
		134F3ADA2AC0CBB000B459C6 /* Release */ = {
			isa = XCBuildConfiguration;
			buildSettings = {
				CLANG_ENABLE_MODULES = YES;
				CODE_SIGN_STYLE = Automatic;
				PRODUCT_NAME = "$(TARGET_NAME)";
				SWIFT_VERSION = 5.0;
			};
			name = Release;
		};
/* End XCBuildConfiguration section */

/* Begin XCConfigurationList section */
		134F3ACC2AC0CBB000B459C6 /* Build configuration list for PBXProject "TMPS_LABS" */ = {
			isa = XCConfigurationList;
			buildConfigurations = (
				134F3AD62AC0CBB000B459C6 /* Debug */,
				134F3AD72AC0CBB000B459C6 /* Release */,
			);
			defaultConfigurationIsVisible = 0;
			defaultConfigurationName = Release;
		};
		134F3AD82AC0CBB000B459C6 /* Build configuration list for PBXNativeTarget "TMPS_LABS" */ = {
			isa = XCConfigurationList;
			buildConfigurations = (
				134F3AD92AC0CBB000B459C6 /* Debug */,
				134F3ADA2AC0CBB000B459C6 /* Release */,
			);
			defaultConfigurationIsVisible = 0;
			defaultConfigurationName = Release;
		};
/* End XCConfigurationList section */
	};
	rootObject = 134F3AC92AC0CBB000B459C6 /* Project object */;
}
